
Microsoft Visual Studio Solution File, Format Version 12.00
# Visual Studio Version 17
VisualStudioVersion = 17.13.35818.85 d17.13
MinimumVisualStudioVersion = 10.0.40219.1
Project("{FAE04EC0-301F-11D3-BF4B-00C04F79EFBC}") = "Server", "TCP\Server.csproj", "{E1BA4137-E8C7-4D67-B8D7-8421FE62C1DC}"
EndProject
Project("{FAE04EC0-301F-11D3-BF4B-00C04F79EFBC}") = "Client", "Client\Client.csproj", "{114CD115-CE81-44BC-B086-5D163060D948}"
EndProject
Global
	GlobalSection(SolutionConfigurationPlatforms) = preSolution
		Debug|Any CPU = Debug|Any CPU
		Release|Any CPU = Release|Any CPU
	EndGlobalSection
	GlobalSection(ProjectConfigurationPlatforms) = postSolution
		{E1BA4137-E8C7-4D67-B8D7-8421FE62C1DC}.Debug|Any CPU.ActiveCfg = Debug|Any CPU
		{E1BA4137-E8C7-4D67-B8D7-8421FE62C1DC}.Debug|Any CPU.Build.0 = Debug|Any CPU
		{E1BA4137-E8C7-4D67-B8D7-8421FE62C1DC}.Release|Any CPU.ActiveCfg = Release|Any CPU
		{E1BA4137-E8C7-4D67-B8D7-8421FE62C1DC}.Release|Any CPU.Build.0 = Release|Any CPU
		{114CD115-CE81-44BC-B086-5D163060D948}.Debug|Any CPU.ActiveCfg = Debug|Any CPU
		{114CD115-CE81-44BC-B086-5D163060D948}.Debug|Any CPU.Build.0 = Debug|Any CPU
		{114CD115-CE81-44BC-B086-5D163060D948}.Release|Any CPU.ActiveCfg = Release|Any CPU
		{114CD115-CE81-44BC-B086-5D163060D948}.Release|Any CPU.Build.0 = Release|Any CPU
	EndGlobalSection
	GlobalSection(SolutionProperties) = preSolution
		HideSolutionNode = FALSE
	EndGlobalSection
	GlobalSection(ExtensibilityGlobals) = postSolution
		SolutionGuid = {E55AE84C-AB8D-4DD4-8A54-E7338821FFE1}
	EndGlobalSection
EndGlobal
